%{"blacksmith": {:hex, :blacksmith, "0.1.3", "916fe815dfe1415d29bb6c1c86be61d1030c9f10fd1dfb2734bd3cf7524b7fb3", [:mix], [{:faker, "~> 0.5", [hex: :faker, optional: false]}]},
  "faker": {:hex, :faker, "0.6.0", "2d2ff0879d6b10fab5fb47eb2c1149b811e4af780a17022aa249deb3a7156d2b", [:mix], []},
  "poison": {:hex, :poison, "1.4.0", "cd5afb9db7f0d19487572fa28185b6d4de647f14235746824e77b3139b79b725", [:mix], []},
  "shouldi": {:hex, :shouldi, "0.3.0", "ae3fb3cec3328057377a0aa750aa1bb9f8b321ba054e1e2c7211512c383fb6ff", [:mix], []}}
